
Microsoft Visual Studio Solution File, Format Version 12.00
# Visual Studio Version 17
VisualStudioVersion = 17.5.2.0
MinimumVisualStudioVersion = 10.0.40219.1
Project("{2150E333-8FDC-42A3-9474-1A3956D46DE8}") = "01_GettingStarted", "01_GettingStarted", "{80D12814-DF18-655C-ECFA-9BC6255D9858}"
EndProject
Project("{FAE04EC0-301F-11D3-BF4B-00C04F79EFBC}") = "01_SimpleAgent", "01_GettingStarted\01_SimpleAgent\01_SimpleAgent.csproj", "{80D131A9-B992-CC47-9C16-E9E27157F46F}"
EndProject
Project("{FAE04EC0-301F-11D3-BF4B-00C04F79EFBC}") = "02_ThreadAgent", "01_GettingStarted\02_ThreadAgent\02_ThreadAgent.csproj", "{DF7CAB8D-A26C-4B2C-97C7-F008AA88B42E}"
EndProject
Project("{FAE04EC0-301F-11D3-BF4B-00C04F79EFBC}") = "03_FunctionTool", "01_GettingStarted\03_FunctionTool\03_FunctionTool.csproj", "{C6D23AF2-8F2E-40AC-9CAC-77C60B3A2C4F}"
EndProject
Project("{FAE04EC0-301F-11D3-BF4B-00C04F79EFBC}") = "04_FunctionToolWithApprovals", "01_GettingStarted\04_FunctionToolWithApprovals\04_FunctionToolWithApprovals.csproj", "{BEDCEF43-8EE5-43E7-908B-841CFD7EE871}"
EndProject
Project("{FAE04EC0-301F-11D3-BF4B-00C04F79EFBC}") = "05_ObjectOutput", "01_GettingStarted\05_ObjectOutput\05_ObjectOutput.csproj", "{5DC3FB5C-4504-4603-BACA-3290BCFD6CF1}"
EndProject
Project("{FAE04EC0-301F-11D3-BF4B-00C04F79EFBC}") = "06_Persistent", "01_GettingStarted\06_Persistent\06_Persistent.csproj", "{45BDCC17-7290-472A-98DD-5806E4BD979B}"
EndProject
Project("{2150E333-8FDC-42A3-9474-1A3956D46DE8}") = "02_NET_AI_ChatApp", "02_NET_AI_ChatApp", "{0243C5A4-CA28-DF1D-00DA-0460283BEFB0}"
EndProject
Project("{FAE04EC0-301F-11D3-BF4B-00C04F79EFBC}") = "ChatApp.AppHost", "02_NET_AI_ChatApp\ChatApp.AppHost\ChatApp.AppHost.csproj", "{4824371F-2A0A-491D-A02B-391813950C41}"
EndProject
Project("{FAE04EC0-301F-11D3-BF4B-00C04F79EFBC}") = "ChatApp.ServiceDefaults", "02_NET_AI_ChatApp\ChatApp.ServiceDefaults\ChatApp.ServiceDefaults.csproj", "{5CEDF719-68F1-4595-B703-F06F93350461}"
EndProject
Project("{FAE04EC0-301F-11D3-BF4B-00C04F79EFBC}") = "ChatApp.Web", "02_NET_AI_ChatApp\ChatApp.Web\ChatApp.Web.csproj", "{43BFF88B-36E9-45AC-A9AE-1224E03E6A1C}"
EndProject
Project("{FAE04EC0-301F-11D3-BF4B-00C04F79EFBC}") = "07_3rdPartyAStorage", "01_GettingStarted\07_3rdPartyAStorage\07_3rdPartyAStorage.csproj", "{C17C9256-6ECE-49B7-AEB1-2D97FE68B79F}"
EndProject
Project("{FAE04EC0-301F-11D3-BF4B-00C04F79EFBC}") = "08_Observability", "01_GettingStarted\08_Observability\08_Observability.csproj", "{79C95E17-FCC4-4BC4-8E44-6C65BCD1F4AB}"
EndProject
Project("{FAE04EC0-301F-11D3-BF4B-00C04F79EFBC}") = "09_DI", "01_GettingStarted\09_DI\09_DI.csproj", "{F5F98A48-ABD4-4495-8F02-4B8CD67AD8D6}"
EndProject
Project("{FAE04EC0-301F-11D3-BF4B-00C04F79EFBC}") = "10_AsMCPTool", "01_GettingStarted\10_AsMCPTool\10_AsMCPTool.csproj", "{E5FAF677-A945-4DEF-AD3B-AE1BEE6ACA8A}"
EndProject
Global
	GlobalSection(SolutionConfigurationPlatforms) = preSolution
		Debug|Any CPU = Debug|Any CPU
		Debug|x64 = Debug|x64
		Debug|x86 = Debug|x86
		Release|Any CPU = Release|Any CPU
		Release|x64 = Release|x64
		Release|x86 = Release|x86
	EndGlobalSection
	GlobalSection(ProjectConfigurationPlatforms) = postSolution
		{80D131A9-B992-CC47-9C16-E9E27157F46F}.Debug|Any CPU.ActiveCfg = Debug|Any CPU
		{80D131A9-B992-CC47-9C16-E9E27157F46F}.Debug|Any CPU.Build.0 = Debug|Any CPU
		{80D131A9-B992-CC47-9C16-E9E27157F46F}.Debug|x64.ActiveCfg = Debug|Any CPU
		{80D131A9-B992-CC47-9C16-E9E27157F46F}.Debug|x64.Build.0 = Debug|Any CPU
		{80D131A9-B992-CC47-9C16-E9E27157F46F}.Debug|x86.ActiveCfg = Debug|Any CPU
		{80D131A9-B992-CC47-9C16-E9E27157F46F}.Debug|x86.Build.0 = Debug|Any CPU
		{80D131A9-B992-CC47-9C16-E9E27157F46F}.Release|Any CPU.ActiveCfg = Release|Any CPU
		{80D131A9-B992-CC47-9C16-E9E27157F46F}.Release|Any CPU.Build.0 = Release|Any CPU
		{80D131A9-B992-CC47-9C16-E9E27157F46F}.Release|x64.ActiveCfg = Release|Any CPU
		{80D131A9-B992-CC47-9C16-E9E27157F46F}.Release|x64.Build.0 = Release|Any CPU
		{80D131A9-B992-CC47-9C16-E9E27157F46F}.Release|x86.ActiveCfg = Release|Any CPU
		{80D131A9-B992-CC47-9C16-E9E27157F46F}.Release|x86.Build.0 = Release|Any CPU
		{DF7CAB8D-A26C-4B2C-97C7-F008AA88B42E}.Debug|Any CPU.ActiveCfg = Debug|Any CPU
		{DF7CAB8D-A26C-4B2C-97C7-F008AA88B42E}.Debug|Any CPU.Build.0 = Debug|Any CPU
		{DF7CAB8D-A26C-4B2C-97C7-F008AA88B42E}.Debug|x64.ActiveCfg = Debug|Any CPU
		{DF7CAB8D-A26C-4B2C-97C7-F008AA88B42E}.Debug|x64.Build.0 = Debug|Any CPU
		{DF7CAB8D-A26C-4B2C-97C7-F008AA88B42E}.Debug|x86.ActiveCfg = Debug|Any CPU
		{DF7CAB8D-A26C-4B2C-97C7-F008AA88B42E}.Debug|x86.Build.0 = Debug|Any CPU
		{DF7CAB8D-A26C-4B2C-97C7-F008AA88B42E}.Release|Any CPU.ActiveCfg = Release|Any CPU
		{DF7CAB8D-A26C-4B2C-97C7-F008AA88B42E}.Release|Any CPU.Build.0 = Release|Any CPU
		{DF7CAB8D-A26C-4B2C-97C7-F008AA88B42E}.Release|x64.ActiveCfg = Release|Any CPU
		{DF7CAB8D-A26C-4B2C-97C7-F008AA88B42E}.Release|x64.Build.0 = Release|Any CPU
		{DF7CAB8D-A26C-4B2C-97C7-F008AA88B42E}.Release|x86.ActiveCfg = Release|Any CPU
		{DF7CAB8D-A26C-4B2C-97C7-F008AA88B42E}.Release|x86.Build.0 = Release|Any CPU
		{C6D23AF2-8F2E-40AC-9CAC-77C60B3A2C4F}.Debug|Any CPU.ActiveCfg = Debug|Any CPU
		{C6D23AF2-8F2E-40AC-9CAC-77C60B3A2C4F}.Debug|Any CPU.Build.0 = Debug|Any CPU
		{C6D23AF2-8F2E-40AC-9CAC-77C60B3A2C4F}.Debug|x64.ActiveCfg = Debug|Any CPU
		{C6D23AF2-8F2E-40AC-9CAC-77C60B3A2C4F}.Debug|x64.Build.0 = Debug|Any CPU
		{C6D23AF2-8F2E-40AC-9CAC-77C60B3A2C4F}.Debug|x86.ActiveCfg = Debug|Any CPU
		{C6D23AF2-8F2E-40AC-9CAC-77C60B3A2C4F}.Debug|x86.Build.0 = Debug|Any CPU
		{C6D23AF2-8F2E-40AC-9CAC-77C60B3A2C4F}.Release|Any CPU.ActiveCfg = Release|Any CPU
		{C6D23AF2-8F2E-40AC-9CAC-77C60B3A2C4F}.Release|Any CPU.Build.0 = Release|Any CPU
		{C6D23AF2-8F2E-40AC-9CAC-77C60B3A2C4F}.Release|x64.ActiveCfg = Release|Any CPU
		{C6D23AF2-8F2E-40AC-9CAC-77C60B3A2C4F}.Release|x64.Build.0 = Release|Any CPU
		{C6D23AF2-8F2E-40AC-9CAC-77C60B3A2C4F}.Release|x86.ActiveCfg = Release|Any CPU
		{C6D23AF2-8F2E-40AC-9CAC-77C60B3A2C4F}.Release|x86.Build.0 = Release|Any CPU
		{BEDCEF43-8EE5-43E7-908B-841CFD7EE871}.Debug|Any CPU.ActiveCfg = Debug|Any CPU
		{BEDCEF43-8EE5-43E7-908B-841CFD7EE871}.Debug|Any CPU.Build.0 = Debug|Any CPU
		{BEDCEF43-8EE5-43E7-908B-841CFD7EE871}.Debug|x64.ActiveCfg = Debug|Any CPU
		{BEDCEF43-8EE5-43E7-908B-841CFD7EE871}.Debug|x64.Build.0 = Debug|Any CPU
		{BEDCEF43-8EE5-43E7-908B-841CFD7EE871}.Debug|x86.ActiveCfg = Debug|Any CPU
		{BEDCEF43-8EE5-43E7-908B-841CFD7EE871}.Debug|x86.Build.0 = Debug|Any CPU
		{BEDCEF43-8EE5-43E7-908B-841CFD7EE871}.Release|Any CPU.ActiveCfg = Release|Any CPU
		{BEDCEF43-8EE5-43E7-908B-841CFD7EE871}.Release|Any CPU.Build.0 = Release|Any CPU
		{BEDCEF43-8EE5-43E7-908B-841CFD7EE871}.Release|x64.ActiveCfg = Release|Any CPU
		{BEDCEF43-8EE5-43E7-908B-841CFD7EE871}.Release|x64.Build.0 = Release|Any CPU
		{BEDCEF43-8EE5-43E7-908B-841CFD7EE871}.Release|x86.ActiveCfg = Release|Any CPU
		{BEDCEF43-8EE5-43E7-908B-841CFD7EE871}.Release|x86.Build.0 = Release|Any CPU
		{5DC3FB5C-4504-4603-BACA-3290BCFD6CF1}.Debug|Any CPU.ActiveCfg = Debug|Any CPU
		{5DC3FB5C-4504-4603-BACA-3290BCFD6CF1}.Debug|Any CPU.Build.0 = Debug|Any CPU
		{5DC3FB5C-4504-4603-BACA-3290BCFD6CF1}.Debug|x64.ActiveCfg = Debug|Any CPU
		{5DC3FB5C-4504-4603-BACA-3290BCFD6CF1}.Debug|x64.Build.0 = Debug|Any CPU
		{5DC3FB5C-4504-4603-BACA-3290BCFD6CF1}.Debug|x86.ActiveCfg = Debug|Any CPU
		{5DC3FB5C-4504-4603-BACA-3290BCFD6CF1}.Debug|x86.Build.0 = Debug|Any CPU
		{5DC3FB5C-4504-4603-BACA-3290BCFD6CF1}.Release|Any CPU.ActiveCfg = Release|Any CPU
		{5DC3FB5C-4504-4603-BACA-3290BCFD6CF1}.Release|Any CPU.Build.0 = Release|Any CPU
		{5DC3FB5C-4504-4603-BACA-3290BCFD6CF1}.Release|x64.ActiveCfg = Release|Any CPU
		{5DC3FB5C-4504-4603-BACA-3290BCFD6CF1}.Release|x64.Build.0 = Release|Any CPU
		{5DC3FB5C-4504-4603-BACA-3290BCFD6CF1}.Release|x86.ActiveCfg = Release|Any CPU
		{5DC3FB5C-4504-4603-BACA-3290BCFD6CF1}.Release|x86.Build.0 = Release|Any CPU
		{45BDCC17-7290-472A-98DD-5806E4BD979B}.Debug|Any CPU.ActiveCfg = Debug|Any CPU
		{45BDCC17-7290-472A-98DD-5806E4BD979B}.Debug|Any CPU.Build.0 = Debug|Any CPU
		{45BDCC17-7290-472A-98DD-5806E4BD979B}.Debug|x64.ActiveCfg = Debug|Any CPU
		{45BDCC17-7290-472A-98DD-5806E4BD979B}.Debug|x64.Build.0 = Debug|Any CPU
		{45BDCC17-7290-472A-98DD-5806E4BD979B}.Debug|x86.ActiveCfg = Debug|Any CPU
		{45BDCC17-7290-472A-98DD-5806E4BD979B}.Debug|x86.Build.0 = Debug|Any CPU
		{45BDCC17-7290-472A-98DD-5806E4BD979B}.Release|Any CPU.ActiveCfg = Release|Any CPU
		{45BDCC17-7290-472A-98DD-5806E4BD979B}.Release|Any CPU.Build.0 = Release|Any CPU
		{45BDCC17-7290-472A-98DD-5806E4BD979B}.Release|x64.ActiveCfg = Release|Any CPU
		{45BDCC17-7290-472A-98DD-5806E4BD979B}.Release|x64.Build.0 = Release|Any CPU
		{45BDCC17-7290-472A-98DD-5806E4BD979B}.Release|x86.ActiveCfg = Release|Any CPU
		{45BDCC17-7290-472A-98DD-5806E4BD979B}.Release|x86.Build.0 = Release|Any CPU
		{4824371F-2A0A-491D-A02B-391813950C41}.Debug|Any CPU.ActiveCfg = Debug|Any CPU
		{4824371F-2A0A-491D-A02B-391813950C41}.Debug|Any CPU.Build.0 = Debug|Any CPU
		{4824371F-2A0A-491D-A02B-391813950C41}.Debug|x64.ActiveCfg = Debug|Any CPU
		{4824371F-2A0A-491D-A02B-391813950C41}.Debug|x64.Build.0 = Debug|Any CPU
		{4824371F-2A0A-491D-A02B-391813950C41}.Debug|x86.ActiveCfg = Debug|Any CPU
		{4824371F-2A0A-491D-A02B-391813950C41}.Debug|x86.Build.0 = Debug|Any CPU
		{4824371F-2A0A-491D-A02B-391813950C41}.Release|Any CPU.ActiveCfg = Release|Any CPU
		{4824371F-2A0A-491D-A02B-391813950C41}.Release|Any CPU.Build.0 = Release|Any CPU
		{4824371F-2A0A-491D-A02B-391813950C41}.Release|x64.ActiveCfg = Release|Any CPU
		{4824371F-2A0A-491D-A02B-391813950C41}.Release|x64.Build.0 = Release|Any CPU
		{4824371F-2A0A-491D-A02B-391813950C41}.Release|x86.ActiveCfg = Release|Any CPU
		{4824371F-2A0A-491D-A02B-391813950C41}.Release|x86.Build.0 = Release|Any CPU
		{5CEDF719-68F1-4595-B703-F06F93350461}.Debug|Any CPU.ActiveCfg = Debug|Any CPU
		{5CEDF719-68F1-4595-B703-F06F93350461}.Debug|Any CPU.Build.0 = Debug|Any CPU
		{5CEDF719-68F1-4595-B703-F06F93350461}.Debug|x64.ActiveCfg = Debug|Any CPU
		{5CEDF719-68F1-4595-B703-F06F93350461}.Debug|x64.Build.0 = Debug|Any CPU
		{5CEDF719-68F1-4595-B703-F06F93350461}.Debug|x86.ActiveCfg = Debug|Any CPU
		{5CEDF719-68F1-4595-B703-F06F93350461}.Debug|x86.Build.0 = Debug|Any CPU
		{5CEDF719-68F1-4595-B703-F06F93350461}.Release|Any CPU.ActiveCfg = Release|Any CPU
		{5CEDF719-68F1-4595-B703-F06F93350461}.Release|Any CPU.Build.0 = Release|Any CPU
		{5CEDF719-68F1-4595-B703-F06F93350461}.Release|x64.ActiveCfg = Release|Any CPU
		{5CEDF719-68F1-4595-B703-F06F93350461}.Release|x64.Build.0 = Release|Any CPU
		{5CEDF719-68F1-4595-B703-F06F93350461}.Release|x86.ActiveCfg = Release|Any CPU
		{5CEDF719-68F1-4595-B703-F06F93350461}.Release|x86.Build.0 = Release|Any CPU
		{43BFF88B-36E9-45AC-A9AE-1224E03E6A1C}.Debug|Any CPU.ActiveCfg = Debug|Any CPU
		{43BFF88B-36E9-45AC-A9AE-1224E03E6A1C}.Debug|Any CPU.Build.0 = Debug|Any CPU
		{43BFF88B-36E9-45AC-A9AE-1224E03E6A1C}.Debug|x64.ActiveCfg = Debug|Any CPU
		{43BFF88B-36E9-45AC-A9AE-1224E03E6A1C}.Debug|x64.Build.0 = Debug|Any CPU
		{43BFF88B-36E9-45AC-A9AE-1224E03E6A1C}.Debug|x86.ActiveCfg = Debug|Any CPU
		{43BFF88B-36E9-45AC-A9AE-1224E03E6A1C}.Debug|x86.Build.0 = Debug|Any CPU
		{43BFF88B-36E9-45AC-A9AE-1224E03E6A1C}.Release|Any CPU.ActiveCfg = Release|Any CPU
		{43BFF88B-36E9-45AC-A9AE-1224E03E6A1C}.Release|Any CPU.Build.0 = Release|Any CPU
		{43BFF88B-36E9-45AC-A9AE-1224E03E6A1C}.Release|x64.ActiveCfg = Release|Any CPU
		{43BFF88B-36E9-45AC-A9AE-1224E03E6A1C}.Release|x64.Build.0 = Release|Any CPU
		{43BFF88B-36E9-45AC-A9AE-1224E03E6A1C}.Release|x86.ActiveCfg = Release|Any CPU
		{43BFF88B-36E9-45AC-A9AE-1224E03E6A1C}.Release|x86.Build.0 = Release|Any CPU
		{C17C9256-6ECE-49B7-AEB1-2D97FE68B79F}.Debug|Any CPU.ActiveCfg = Debug|Any CPU
		{C17C9256-6ECE-49B7-AEB1-2D97FE68B79F}.Debug|Any CPU.Build.0 = Debug|Any CPU
		{C17C9256-6ECE-49B7-AEB1-2D97FE68B79F}.Debug|x64.ActiveCfg = Debug|Any CPU
		{C17C9256-6ECE-49B7-AEB1-2D97FE68B79F}.Debug|x64.Build.0 = Debug|Any CPU
		{C17C9256-6ECE-49B7-AEB1-2D97FE68B79F}.Debug|x86.ActiveCfg = Debug|Any CPU
		{C17C9256-6ECE-49B7-AEB1-2D97FE68B79F}.Debug|x86.Build.0 = Debug|Any CPU
		{C17C9256-6ECE-49B7-AEB1-2D97FE68B79F}.Release|Any CPU.ActiveCfg = Release|Any CPU
		{C17C9256-6ECE-49B7-AEB1-2D97FE68B79F}.Release|Any CPU.Build.0 = Release|Any CPU
		{C17C9256-6ECE-49B7-AEB1-2D97FE68B79F}.Release|x64.ActiveCfg = Release|Any CPU
		{C17C9256-6ECE-49B7-AEB1-2D97FE68B79F}.Release|x64.Build.0 = Release|Any CPU
		{C17C9256-6ECE-49B7-AEB1-2D97FE68B79F}.Release|x86.ActiveCfg = Release|Any CPU
		{C17C9256-6ECE-49B7-AEB1-2D97FE68B79F}.Release|x86.Build.0 = Release|Any CPU
		{79C95E17-FCC4-4BC4-8E44-6C65BCD1F4AB}.Debug|Any CPU.ActiveCfg = Debug|Any CPU
		{79C95E17-FCC4-4BC4-8E44-6C65BCD1F4AB}.Debug|Any CPU.Build.0 = Debug|Any CPU
		{79C95E17-FCC4-4BC4-8E44-6C65BCD1F4AB}.Debug|x64.ActiveCfg = Debug|Any CPU
		{79C95E17-FCC4-4BC4-8E44-6C65BCD1F4AB}.Debug|x64.Build.0 = Debug|Any CPU
		{79C95E17-FCC4-4BC4-8E44-6C65BCD1F4AB}.Debug|x86.ActiveCfg = Debug|Any CPU
		{79C95E17-FCC4-4BC4-8E44-6C65BCD1F4AB}.Debug|x86.Build.0 = Debug|Any CPU
		{79C95E17-FCC4-4BC4-8E44-6C65BCD1F4AB}.Release|Any CPU.ActiveCfg = Release|Any CPU
		{79C95E17-FCC4-4BC4-8E44-6C65BCD1F4AB}.Release|Any CPU.Build.0 = Release|Any CPU
		{79C95E17-FCC4-4BC4-8E44-6C65BCD1F4AB}.Release|x64.ActiveCfg = Release|Any CPU
		{79C95E17-FCC4-4BC4-8E44-6C65BCD1F4AB}.Release|x64.Build.0 = Release|Any CPU
		{79C95E17-FCC4-4BC4-8E44-6C65BCD1F4AB}.Release|x86.ActiveCfg = Release|Any CPU
		{79C95E17-FCC4-4BC4-8E44-6C65BCD1F4AB}.Release|x86.Build.0 = Release|Any CPU
		{F5F98A48-ABD4-4495-8F02-4B8CD67AD8D6}.Debug|Any CPU.ActiveCfg = Debug|Any CPU
		{F5F98A48-ABD4-4495-8F02-4B8CD67AD8D6}.Debug|Any CPU.Build.0 = Debug|Any CPU
		{F5F98A48-ABD4-4495-8F02-4B8CD67AD8D6}.Debug|x64.ActiveCfg = Debug|Any CPU
		{F5F98A48-ABD4-4495-8F02-4B8CD67AD8D6}.Debug|x64.Build.0 = Debug|Any CPU
		{F5F98A48-ABD4-4495-8F02-4B8CD67AD8D6}.Debug|x86.ActiveCfg = Debug|Any CPU
		{F5F98A48-ABD4-4495-8F02-4B8CD67AD8D6}.Debug|x86.Build.0 = Debug|Any CPU
		{F5F98A48-ABD4-4495-8F02-4B8CD67AD8D6}.Release|Any CPU.ActiveCfg = Release|Any CPU
		{F5F98A48-ABD4-4495-8F02-4B8CD67AD8D6}.Release|Any CPU.Build.0 = Release|Any CPU
		{F5F98A48-ABD4-4495-8F02-4B8CD67AD8D6}.Release|x64.ActiveCfg = Release|Any CPU
		{F5F98A48-ABD4-4495-8F02-4B8CD67AD8D6}.Release|x64.Build.0 = Release|Any CPU
		{F5F98A48-ABD4-4495-8F02-4B8CD67AD8D6}.Release|x86.ActiveCfg = Release|Any CPU
		{F5F98A48-ABD4-4495-8F02-4B8CD67AD8D6}.Release|x86.Build.0 = Release|Any CPU
		{E5FAF677-A945-4DEF-AD3B-AE1BEE6ACA8A}.Debug|Any CPU.ActiveCfg = Debug|Any CPU
		{E5FAF677-A945-4DEF-AD3B-AE1BEE6ACA8A}.Debug|Any CPU.Build.0 = Debug|Any CPU
		{E5FAF677-A945-4DEF-AD3B-AE1BEE6ACA8A}.Debug|x64.ActiveCfg = Debug|Any CPU
		{E5FAF677-A945-4DEF-AD3B-AE1BEE6ACA8A}.Debug|x64.Build.0 = Debug|Any CPU
		{E5FAF677-A945-4DEF-AD3B-AE1BEE6ACA8A}.Debug|x86.ActiveCfg = Debug|Any CPU
		{E5FAF677-A945-4DEF-AD3B-AE1BEE6ACA8A}.Debug|x86.Build.0 = Debug|Any CPU
		{E5FAF677-A945-4DEF-AD3B-AE1BEE6ACA8A}.Release|Any CPU.ActiveCfg = Release|Any CPU
		{E5FAF677-A945-4DEF-AD3B-AE1BEE6ACA8A}.Release|Any CPU.Build.0 = Release|Any CPU
		{E5FAF677-A945-4DEF-AD3B-AE1BEE6ACA8A}.Release|x64.ActiveCfg = Release|Any CPU
		{E5FAF677-A945-4DEF-AD3B-AE1BEE6ACA8A}.Release|x64.Build.0 = Release|Any CPU
		{E5FAF677-A945-4DEF-AD3B-AE1BEE6ACA8A}.Release|x86.ActiveCfg = Release|Any CPU
		{E5FAF677-A945-4DEF-AD3B-AE1BEE6ACA8A}.Release|x86.Build.0 = Release|Any CPU
	EndGlobalSection
	GlobalSection(SolutionProperties) = preSolution
		HideSolutionNode = FALSE
	EndGlobalSection
	GlobalSection(NestedProjects) = preSolution
		{80D131A9-B992-CC47-9C16-E9E27157F46F} = {80D12814-DF18-655C-ECFA-9BC6255D9858}
		{DF7CAB8D-A26C-4B2C-97C7-F008AA88B42E} = {80D12814-DF18-655C-ECFA-9BC6255D9858}
		{C6D23AF2-8F2E-40AC-9CAC-77C60B3A2C4F} = {80D12814-DF18-655C-ECFA-9BC6255D9858}
		{BEDCEF43-8EE5-43E7-908B-841CFD7EE871} = {80D12814-DF18-655C-ECFA-9BC6255D9858}
		{5DC3FB5C-4504-4603-BACA-3290BCFD6CF1} = {80D12814-DF18-655C-ECFA-9BC6255D9858}
		{45BDCC17-7290-472A-98DD-5806E4BD979B} = {80D12814-DF18-655C-ECFA-9BC6255D9858}
		{4824371F-2A0A-491D-A02B-391813950C41} = {0243C5A4-CA28-DF1D-00DA-0460283BEFB0}
		{5CEDF719-68F1-4595-B703-F06F93350461} = {0243C5A4-CA28-DF1D-00DA-0460283BEFB0}
		{43BFF88B-36E9-45AC-A9AE-1224E03E6A1C} = {0243C5A4-CA28-DF1D-00DA-0460283BEFB0}
		{C17C9256-6ECE-49B7-AEB1-2D97FE68B79F} = {80D12814-DF18-655C-ECFA-9BC6255D9858}
		{79C95E17-FCC4-4BC4-8E44-6C65BCD1F4AB} = {80D12814-DF18-655C-ECFA-9BC6255D9858}
		{F5F98A48-ABD4-4495-8F02-4B8CD67AD8D6} = {80D12814-DF18-655C-ECFA-9BC6255D9858}
		{E5FAF677-A945-4DEF-AD3B-AE1BEE6ACA8A} = {80D12814-DF18-655C-ECFA-9BC6255D9858}
	EndGlobalSection
	GlobalSection(ExtensibilityGlobals) = postSolution
		SolutionGuid = {03AD43DD-537B-4441-9683-63B2D717C956}
	EndGlobalSection
EndGlobal
